
Microsoft Visual Studio Solution File, Format Version 12.00
# Visual Studio Version 17
VisualStudioVersion = 17.5.33627.172
MinimumVisualStudioVersion = 10.0.40219.1
Project("{9A19103F-16F7-4668-BE54-9A1E7A4F7556}") = "ShopifyStatsAPIs", "ShopifyStatsAPIs\ShopifyStatsAPIs.csproj", "{62819854-D297-4622-8C00-E1E9F5D97772}"
EndProject
Project("{FAE04EC0-301F-11D3-BF4B-00C04F79EFBC}") = "UpdatedAtFunction", "UpdatedAtFunction\UpdatedAtFunction.csproj", "{09537652-2579-44D8-8936-C2E036E1385D}"
EndProject
Global
	GlobalSection(SolutionConfigurationPlatforms) = preSolution
		Debug|Any CPU = Debug|Any CPU
		Release|Any CPU = Release|Any CPU
	EndGlobalSection
	GlobalSection(ProjectConfigurationPlatforms) = postSolution
		{62819854-D297-4622-8C00-E1E9F5D97772}.Debug|Any CPU.ActiveCfg = Debug|Any CPU
		{62819854-D297-4622-8C00-E1E9F5D97772}.Debug|Any CPU.Build.0 = Debug|Any CPU
		{62819854-D297-4622-8C00-E1E9F5D97772}.Release|Any CPU.ActiveCfg = Release|Any CPU
		{62819854-D297-4622-8C00-E1E9F5D97772}.Release|Any CPU.Build.0 = Release|Any CPU
		{09537652-2579-44D8-8936-C2E036E1385D}.Debug|Any CPU.ActiveCfg = Debug|Any CPU
		{09537652-2579-44D8-8936-C2E036E1385D}.Debug|Any CPU.Build.0 = Debug|Any CPU
		{09537652-2579-44D8-8936-C2E036E1385D}.Release|Any CPU.ActiveCfg = Release|Any CPU
		{09537652-2579-44D8-8936-C2E036E1385D}.Release|Any CPU.Build.0 = Release|Any CPU
	EndGlobalSection
	GlobalSection(SolutionProperties) = preSolution
		HideSolutionNode = FALSE
	EndGlobalSection
	GlobalSection(ExtensibilityGlobals) = postSolution
		SolutionGuid = {9458C978-103F-421B-88C0-058DDFBD032A}
	EndGlobalSection
EndGlobal
